
Microsoft Visual Studio Solution File, Format Version 12.00
# Visual Studio Version 17
VisualStudioVersion = 17.8.34330.188
MinimumVisualStudioVersion = 10.0.40219.1
Project("{FAE04EC0-301F-11D3-BF4B-00C04F79EFBC}") = "AdessoWorldLeague.Core", "AdessoWorldLeague.Core\AdessoWorldLeague.Core.csproj", "{3EE0C57C-AA42-4F34-AEF1-D6F5EB4374C4}"
EndProject
Project("{FAE04EC0-301F-11D3-BF4B-00C04F79EFBC}") = "AdessoWorldLeague.Entities", "AdessoWorldLeague.Entities\AdessoWorldLeague.Entities.csproj", "{DE741372-DF01-4879-BA4E-8CD80DE0AE9D}"
EndProject
Project("{FAE04EC0-301F-11D3-BF4B-00C04F79EFBC}") = "AdessoWorldLeague.DataAccess", "AdessoWorldLeague.DataAccess\AdessoWorldLeague.DataAccess.csproj", "{2DE9BB1B-5CF8-44B1-AE6E-8DD87D9FF938}"
EndProject
Project("{FAE04EC0-301F-11D3-BF4B-00C04F79EFBC}") = "AdessoWorldLeague.Business", "AdessoWorldLeague.Business\AdessoWorldLeague.Business.csproj", "{E4C5FCB9-A850-4D56-B4C8-176504F81C70}"
EndProject
Project("{FAE04EC0-301F-11D3-BF4B-00C04F79EFBC}") = "AdessoWorldLeague.WebAPI", "AdessoWorldLeague.WebAPI\AdessoWorldLeague.WebAPI.csproj", "{86EA206C-9FBE-4AAC-94B0-6F123B48CE52}"
EndProject
Global
	GlobalSection(SolutionConfigurationPlatforms) = preSolution
		Debug|Any CPU = Debug|Any CPU
		Release|Any CPU = Release|Any CPU
	EndGlobalSection
	GlobalSection(ProjectConfigurationPlatforms) = postSolution
		{3EE0C57C-AA42-4F34-AEF1-D6F5EB4374C4}.Debug|Any CPU.ActiveCfg = Debug|Any CPU
		{3EE0C57C-AA42-4F34-AEF1-D6F5EB4374C4}.Debug|Any CPU.Build.0 = Debug|Any CPU
		{3EE0C57C-AA42-4F34-AEF1-D6F5EB4374C4}.Release|Any CPU.ActiveCfg = Release|Any CPU
		{3EE0C57C-AA42-4F34-AEF1-D6F5EB4374C4}.Release|Any CPU.Build.0 = Release|Any CPU
		{DE741372-DF01-4879-BA4E-8CD80DE0AE9D}.Debug|Any CPU.ActiveCfg = Debug|Any CPU
		{DE741372-DF01-4879-BA4E-8CD80DE0AE9D}.Debug|Any CPU.Build.0 = Debug|Any CPU
		{DE741372-DF01-4879-BA4E-8CD80DE0AE9D}.Release|Any CPU.ActiveCfg = Release|Any CPU
		{DE741372-DF01-4879-BA4E-8CD80DE0AE9D}.Release|Any CPU.Build.0 = Release|Any CPU
		{2DE9BB1B-5CF8-44B1-AE6E-8DD87D9FF938}.Debug|Any CPU.ActiveCfg = Debug|Any CPU
		{2DE9BB1B-5CF8-44B1-AE6E-8DD87D9FF938}.Debug|Any CPU.Build.0 = Debug|Any CPU
		{2DE9BB1B-5CF8-44B1-AE6E-8DD87D9FF938}.Release|Any CPU.ActiveCfg = Release|Any CPU
		{2DE9BB1B-5CF8-44B1-AE6E-8DD87D9FF938}.Release|Any CPU.Build.0 = Release|Any CPU
		{E4C5FCB9-A850-4D56-B4C8-176504F81C70}.Debug|Any CPU.ActiveCfg = Debug|Any CPU
		{E4C5FCB9-A850-4D56-B4C8-176504F81C70}.Debug|Any CPU.Build.0 = Debug|Any CPU
		{E4C5FCB9-A850-4D56-B4C8-176504F81C70}.Release|Any CPU.ActiveCfg = Release|Any CPU
		{E4C5FCB9-A850-4D56-B4C8-176504F81C70}.Release|Any CPU.Build.0 = Release|Any CPU
		{86EA206C-9FBE-4AAC-94B0-6F123B48CE52}.Debug|Any CPU.ActiveCfg = Debug|Any CPU
		{86EA206C-9FBE-4AAC-94B0-6F123B48CE52}.Debug|Any CPU.Build.0 = Debug|Any CPU
		{86EA206C-9FBE-4AAC-94B0-6F123B48CE52}.Release|Any CPU.ActiveCfg = Release|Any CPU
		{86EA206C-9FBE-4AAC-94B0-6F123B48CE52}.Release|Any CPU.Build.0 = Release|Any CPU
	EndGlobalSection
	GlobalSection(SolutionProperties) = preSolution
		HideSolutionNode = FALSE
	EndGlobalSection
	GlobalSection(ExtensibilityGlobals) = postSolution
		SolutionGuid = {ED7E1F53-53D9-44AB-844B-915A175D524E}
	EndGlobalSection
EndGlobal
